
Microsoft Visual Studio Solution File, Format Version 12.00
# Visual Studio Version 16
VisualStudioVersion = 16.0.30413.136
MinimumVisualStudioVersion = 10.0.40219.1
Project("{9A19103F-16F7-4668-BE54-9A1E7A4F7556}") = "Honamic.UrlImageResizer", "src\UrlImageResizer\Honamic.UrlImageResizer.csproj", "{56BD9AFE-3834-4CF8-9936-1BCEE0E9CBBD}"
EndProject
Global
	GlobalSection(SolutionConfigurationPlatforms) = preSolution
		Debug|Any CPU = Debug|Any CPU
		Release|Any CPU = Release|Any CPU
	EndGlobalSection
	GlobalSection(ProjectConfigurationPlatforms) = postSolution
		{56BD9AFE-3834-4CF8-9936-1BCEE0E9CBBD}.Debug|Any CPU.ActiveCfg = Debug|Any CPU
		{56BD9AFE-3834-4CF8-9936-1BCEE0E9CBBD}.Debug|Any CPU.Build.0 = Debug|Any CPU
		{56BD9AFE-3834-4CF8-9936-1BCEE0E9CBBD}.Release|Any CPU.ActiveCfg = Release|Any CPU
		{56BD9AFE-3834-4CF8-9936-1BCEE0E9CBBD}.Release|Any CPU.Build.0 = Release|Any CPU
	EndGlobalSection
	GlobalSection(SolutionProperties) = preSolution
		HideSolutionNode = FALSE
	EndGlobalSection
	GlobalSection(ExtensibilityGlobals) = postSolution
		SolutionGuid = {CCA4A0A3-F87B-46F3-907B-F858C0912B91}
	EndGlobalSection
EndGlobal
